{
  "originHash" : "6c68c6d8ce7aea216615ae2397fa4f694936949906652804c00d1a98d0ff26d5",
  "pins" : [
    {
      "identity" : "jjliso8601dateformatter",
      "kind" : "remoteSourceControl",
      "location" : "https://github.com/michaeleisel/JJLISO8601DateFormatter",
      "state" : {
        "revision" : "741a9e45db01148a8ac60c5e12f7c978181a22d3",
        "version" : "0.1.8"
      }
    },
    {
      "identity" : "zippyjson",
      "kind" : "remoteSourceControl",
      "location" : "https://github.com/michaeleisel/ZippyJSON.git",
      "state" : {
        "revision" : "ddbbc024ba5a826f9676035a0a090a0bc2d40755",
        "version" : "1.2.15"
      }
    },
    {
      "identity" : "zippyjsoncfamily",
      "kind" : "remoteSourceControl",
      "location" : "https://github.com/michaeleisel/ZippyJSONCFamily",
      "state" : {
        "revision" : "c1c0f88977359ea85b81e128b2d988e8250dfdae",
        "version" : "1.2.14"
      }
    }
  ],
  "version" : 3
}
